{
  "name": "react-native-render-html",
  "version": "4.1.2",
  "lockfileVersion": 1,
  "requires": true,
  "dependencies": {
    "react-native-image-pan-zoom": {
      "version": "2.1.11",
      "resolved": "https://registry.npmjs.org/react-native-image-pan-zoom/-/react-native-image-pan-zoom-2.1.11.tgz",
      "integrity": "sha512-ZCisGUFpPchHXsjT7ZI0anlSLPgcTmjRKXqpVnPu3RDWFXfKjuL4zpY57DX4Y8YgGZCpbf9fApN7KjVYody2Mw=="
    }
  }
}
